
Microsoft Visual Studio Solution File, Format Version 12.00
# Visual Studio 15
VisualStudioVersion = 15.0.27428.2011
MinimumVisualStudioVersion = 10.0.40219.1
Project("{FAE04EC0-301F-11D3-BF4B-00C04F79EFBC}") = "RGB_Converter", "RGB_Converter\RGB_Converter.csproj", "{BE865D03-B2AC-48CB-8840-D4602ACF7F86}"
EndProject
Project("{FAE04EC0-301F-11D3-BF4B-00C04F79EFBC}") = "RGBConvert", "RGBConvert\RGBConvert.csproj", "{9EDB4E87-48DC-4092-B87A-838C9F68015C}"
EndProject
Global
	GlobalSection(SolutionConfigurationPlatforms) = preSolution
		Debug|Any CPU = Debug|Any CPU
		Release|Any CPU = Release|Any CPU
	EndGlobalSection
	GlobalSection(ProjectConfigurationPlatforms) = postSolution
		{BE865D03-B2AC-48CB-8840-D4602ACF7F86}.Debug|Any CPU.ActiveCfg = Debug|Any CPU
		{BE865D03-B2AC-48CB-8840-D4602ACF7F86}.Debug|Any CPU.Build.0 = Debug|Any CPU
		{BE865D03-B2AC-48CB-8840-D4602ACF7F86}.Release|Any CPU.ActiveCfg = Release|Any CPU
		{BE865D03-B2AC-48CB-8840-D4602ACF7F86}.Release|Any CPU.Build.0 = Release|Any CPU
		{9EDB4E87-48DC-4092-B87A-838C9F68015C}.Debug|Any CPU.ActiveCfg = Debug|Any CPU
		{9EDB4E87-48DC-4092-B87A-838C9F68015C}.Debug|Any CPU.Build.0 = Debug|Any CPU
		{9EDB4E87-48DC-4092-B87A-838C9F68015C}.Release|Any CPU.ActiveCfg = Release|Any CPU
		{9EDB4E87-48DC-4092-B87A-838C9F68015C}.Release|Any CPU.Build.0 = Release|Any CPU
	EndGlobalSection
	GlobalSection(SolutionProperties) = preSolution
		HideSolutionNode = FALSE
	EndGlobalSection
	GlobalSection(ExtensibilityGlobals) = postSolution
		SolutionGuid = {D4FA7BF9-B37C-4F66-9AE5-6406FE5F167B}
	EndGlobalSection
EndGlobal
